
Microsoft Visual Studio Solution File, Format Version 12.00
# Visual Studio Version 17
VisualStudioVersion = 17.9.34723.18
MinimumVisualStudioVersion = 10.0.40219.1
Project("{9A19103F-16F7-4668-BE54-9A1E7A4F7556}") = "ClientProgram", "ClientProgram.csproj", "{222C653E-EA6B-4E86-8C34-CE0FDA7E68BB}"
EndProject
Global
	GlobalSection(SolutionConfigurationPlatforms) = preSolution
		Debug|Any CPU = Debug|Any CPU
		Release|Any CPU = Release|Any CPU
	EndGlobalSection
	GlobalSection(ProjectConfigurationPlatforms) = postSolution
		{222C653E-EA6B-4E86-8C34-CE0FDA7E68BB}.Debug|Any CPU.ActiveCfg = Debug|Any CPU
		{222C653E-EA6B-4E86-8C34-CE0FDA7E68BB}.Debug|Any CPU.Build.0 = Debug|Any CPU
		{222C653E-EA6B-4E86-8C34-CE0FDA7E68BB}.Release|Any CPU.ActiveCfg = Release|Any CPU
		{222C653E-EA6B-4E86-8C34-CE0FDA7E68BB}.Release|Any CPU.Build.0 = Release|Any CPU
	EndGlobalSection
	GlobalSection(SolutionProperties) = preSolution
		HideSolutionNode = FALSE
	EndGlobalSection
	GlobalSection(ExtensibilityGlobals) = postSolution
		SolutionGuid = {853726B1-A35A-4558-AEBE-5A73AB9E4E7C}
	EndGlobalSection
EndGlobal
